// !$*UTF8*$!
{
	archiveVersion = 1;
	classes = {
	};
	objectVersion = 50;
	objects = {

/* Begin PBXBuildFile section */
		68486465241E841000D128D3 /* AppDelegate.swift in Sources */ = {isa = PBXBuildFile; fileRef = 68486464241E841000D128D3 /* AppDelegate.swift */; };
		68486469241E841000D128D3 /* Task1ViewController.swift in Sources */ = {isa = PBXBuildFile; fileRef = 68486468241E841000D128D3 /* Task1ViewController.swift */; };
		6848646C241E841000D128D3 /* Main.storyboard in Resources */ = {isa = PBXBuildFile; fileRef = 6848646A241E841000D128D3 /* Main.storyboard */; };
		6848646E241E841500D128D3 /* Assets.xcassets in Resources */ = {isa = PBXBuildFile; fileRef = 6848646D241E841500D128D3 /* Assets.xcassets */; };
		68486471241E841600D128D3 /* LaunchScreen.storyboard in Resources */ = {isa = PBXBuildFile; fileRef = 6848646F241E841600D128D3 /* LaunchScreen.storyboard */; };
		68486479241E8DE800D128D3 /* Task2ViewController.swift in Sources */ = {isa = PBXBuildFile; fileRef = 68486478241E8DE800D128D3 /* Task2ViewController.swift */; };
		6848647B241E8DFE00D128D3 /* Task3ViewController.swift in Sources */ = {isa = PBXBuildFile; fileRef = 6848647A241E8DFE00D128D3 /* Task3ViewController.swift */; };
/* End PBXBuildFile section */

/* Begin PBXFileReference section */
		68486461241E841000D128D3 /* SkillBox_hw_9.app */ = {isa = PBXFileReference; explicitFileType = wrapper.application; includeInIndex = 0; path = SkillBox_hw_9.app; sourceTree = BUILT_PRODUCTS_DIR; };
		68486464241E841000D128D3 /* AppDelegate.swift */ = {isa = PBXFileReference; lastKnownFileType = sourcecode.swift; path = AppDelegate.swift; sourceTree = "<group>"; };
		68486468241E841000D128D3 /* Task1ViewController.swift */ = {isa = PBXFileReference; lastKnownFileType = sourcecode.swift; path = Task1ViewController.swift; sourceTree = "<group>"; };
		6848646B241E841000D128D3 /* Base */ = {isa = PBXFileReference; lastKnownFileType = file.storyboard; name = Base; path = Base.lproj/Main.storyboard; sourceTree = "<group>"; };
		6848646D241E841500D128D3 /* Assets.xcassets */ = {isa = PBXFileReference; lastKnownFileType = folder.assetcatalog; path = Assets.xcassets; sourceTree = "<group>"; };
		68486470241E841600D128D3 /* Base */ = {isa = PBXFileReference; lastKnownFileType = file.storyboard; name = Base; path = Base.lproj/LaunchScreen.storyboard; sourceTree = "<group>"; };
		68486472241E841600D128D3 /* Info.plist */ = {isa = PBXFileReference; lastKnownFileType = text.plist.xml; path = Info.plist; sourceTree = "<group>"; };
		68486478241E8DE800D128D3 /* Task2ViewController.swift */ = {isa = PBXFileReference; lastKnownFileType = sourcecode.swift; path = Task2ViewController.swift; sourceTree = "<group>"; };
		6848647A241E8DFE00D128D3 /* Task3ViewController.swift */ = {isa = PBXFileReference; lastKnownFileType = sourcecode.swift; path = Task3ViewController.swift; sourceTree = "<group>"; };
/* End PBXFileReference section */

/* Begin PBXFrameworksBuildPhase section */
		6848645E241E841000D128D3 /* Frameworks */ = {
			isa = PBXFrameworksBuildPhase;
			buildActionMask = 2147483647;
			files = (
			);
			runOnlyForDeploymentPostprocessing = 0;
		};
/* End PBXFrameworksBuildPhase section */

/* Begin PBXGroup section */
		68486458241E841000D128D3 = {
			isa = PBXGroup;
			children = (
				68486463241E841000D128D3 /* SkillBox_hw_9 */,
				68486462241E841000D128D3 /* Products */,
			);
			sourceTree = "<group>";
		};
		68486462241E841000D128D3 /* Products */ = {
			isa = PBXGroup;
			children = (
				68486461241E841000D128D3 /* SkillBox_hw_9.app */,
			);
			name = Products;
			sourceTree = "<group>";
		};
		68486463241E841000D128D3 /* SkillBox_hw_9 */ = {
			isa = PBXGroup;
			children = (
				68486464241E841000D128D3 /* AppDelegate.swift */,
				68486468241E841000D128D3 /* Task1ViewController.swift */,
				68486478241E8DE800D128D3 /* Task2ViewController.swift */,
				6848647A241E8DFE00D128D3 /* Task3ViewController.swift */,
				6848646A241E841000D128D3 /* Main.storyboard */,
				6848646D241E841500D128D3 /* Assets.xcassets */,
				6848646F241E841600D128D3 /* LaunchScreen.storyboard */,
				68486472241E841600D128D3 /* Info.plist */,
			);
			path = SkillBox_hw_9;
			sourceTree = "<group>";
		};
/* End PBXGroup section */

/* Begin PBXNativeTarget section */
		68486460241E841000D128D3 /* SkillBox_hw_9 */ = {
			isa = PBXNativeTarget;
			buildConfigurationList = 68486475241E841600D128D3 /* Build configuration list for PBXNativeTarget "SkillBox_hw_9" */;
			buildPhases = (
				6848645D241E841000D128D3 /* Sources */,
				6848645E241E841000D128D3 /* Frameworks */,
				6848645F241E841000D128D3 /* Resources */,
			);
			buildRules = (
			);
			dependencies = (
			);
			name = SkillBox_hw_9;
			productName = SkillBox_hw_9;
			productReference = 68486461241E841000D128D3 /* SkillBox_hw_9.app */;
			productType = "com.apple.product-type.application";
		};
/* End PBXNativeTarget section */

/* Begin PBXProject section */
		68486459241E841000D128D3 /* Project object */ = {
			isa = PBXProject;
			attributes = {
				LastSwiftUpdateCheck = 1130;
				LastUpgradeCheck = 1130;
				ORGANIZATIONNAME = OlegChudnovskiy;
				TargetAttributes = {
					68486460241E841000D128D3 = {
						CreatedOnToolsVersion = 11.3.1;
					};
				};
			};
			buildConfigurationList = 6848645C241E841000D128D3 /* Build configuration list for PBXProject "SkillBox_hw_9" */;
			compatibilityVersion = "Xcode 9.3";
			developmentRegion = en;
			hasScannedForEncodings = 0;
			knownRegions = (
				en,
				Base,
			);
			mainGroup = 68486458241E841000D128D3;
			productRefGroup = 68486462241E841000D128D3 /* Products */;
			projectDirPath = "";
			projectRoot = "";
			targets = (
				68486460241E841000D128D3 /* SkillBox_hw_9 */,
			);
		};
/* End PBXProject section */

/* Begin PBXResourcesBuildPhase section */
		6848645F241E841000D128D3 /* Resources */ = {
			isa = PBXResourcesBuildPhase;
			buildActionMask = 2147483647;
			files = (
				68486471241E841600D128D3 /* LaunchScreen.storyboard in Resources */,
				6848646E241E841500D128D3 /* Assets.xcassets in Resources */,
				6848646C241E841000D128D3 /* Main.storyboard in Resources */,
			);
			runOnlyForDeploymentPostprocessing = 0;
		};
/* End PBXResourcesBuildPhase section */

/* Begin PBXSourcesBuildPhase section */
		6848645D241E841000D128D3 /* Sources */ = {
			isa = PBXSourcesBuildPhase;
			buildActionMask = 2147483647;
			files = (
				68486479241E8DE800D128D3 /* Task2ViewController.swift in Sources */,
				6848647B241E8DFE00D128D3 /* Task3ViewController.swift in Sources */,
				68486469241E841000D128D3 /* Task1ViewController.swift in Sources */,
				68486465241E841000D128D3 /* AppDelegate.swift in Sources */,
			);
			runOnlyForDeploymentPostprocessing = 0;
		};
/* End PBXSourcesBuildPhase section */

/* Begin PBXVariantGroup section */
		6848646A241E841000D128D3 /* Main.storyboard */ = {
			isa = PBXVariantGroup;
			children = (
				6848646B241E841000D128D3 /* Base */,
			);
			name = Main.storyboard;
			sourceTree = "<group>";
		};
		6848646F241E841600D128D3 /* LaunchScreen.storyboard */ = {
			isa = PBXVariantGroup;
			children = (
				68486470241E841600D128D3 /* Base */,
			);
			name = LaunchScreen.storyboard;
			sourceTree = "<group>";
		};
/* End PBXVariantGroup section */

/* Begin XCBuildConfiguration section */
		68486473241E841600D128D3 /* Debug */ = {
			isa = XCBuildConfiguration;
			buildSettings = {
				ALWAYS_SEARCH_USER_PATHS = NO;
				CLANG_ANALYZER_NONNULL = YES;
				CLANG_ANALYZER_NUMBER_OBJECT_CONVERSION = YES_AGGRESSIVE;
				CLANG_CXX_LANGUAGE_STANDARD = "gnu++14";
				CLANG_CXX_LIBRARY = "libc++";
				CLANG_ENABLE_MODULES = YES;
				CLANG_ENABLE_OBJC_ARC = YES;
				CLANG_ENABLE_OBJC_WEAK = YES;
				CLANG_WARN_BLOCK_CAPTURE_AUTORELEASING = YES;
				CLANG_WARN_BOOL_CONVERSION = YES;
				CLANG_WARN_COMMA = YES;
				CLANG_WARN_CONSTANT_CONVERSION = YES;
				CLANG_WARN_DEPRECATED_OBJC_IMPLEMENTATIONS = YES;
				CLANG_WARN_DIRECT_OBJC_ISA_USAGE = YES_ERROR;
				CLANG_WARN_DOCUMENTATION_COMMENTS = YES;
				CLANG_WARN_EMPTY_BODY = YES;
				CLANG_WARN_ENUM_CONVERSION = YES;
				CLANG_WARN_INFINITE_RECURSION = YES;
				CLANG_WARN_INT_CONVERSION = YES;
				CLANG_WARN_NON_LITERAL_NULL_CONVERSION = YES;
				CLANG_WARN_OBJC_IMPLICIT_RETAIN_SELF = YES;
				CLANG_WARN_OBJC_LITERAL_CONVERSION = YES;
				CLANG_WARN_OBJC_ROOT_CLASS = YES_ERROR;
				CLANG_WARN_RANGE_LOOP_ANALYSIS = YES;
				CLANG_WARN_STRICT_PROTOTYPES = YES;
				CLANG_WARN_SUSPICIOUS_MOVE = YES;
				CLANG_WARN_UNGUARDED_AVAILABILITY = YES_AGGRESSIVE;
				CLANG_WARN_UNREACHABLE_CODE = YES;
				CLANG_WARN__DUPLICATE_METHOD_MATCH = YES;
				COPY_PHASE_STRIP = NO;
				DEBUG_INFORMATION_FORMAT = dwarf;
				ENABLE_STRICT_OBJC_MSGSEND = YES;
				ENABLE_TESTABILITY = YES;
				GCC_C_LANGUAGE_STANDARD = gnu11;
				GCC_DYNAMIC_NO_PIC = NO;
				GCC_NO_COMMON_BLOCKS = YES;
				GCC_OPTIMIZATION_LEVEL = 0;
				GCC_PREPROCESSOR_DEFINITIONS = (
					"DEBUG=1",
					"$(inherited)",
				);
				GCC_WARN_64_TO_32_BIT_CONVERSION = YES;
				GCC_WARN_ABOUT_RETURN_TYPE = YES_ERROR;
				GCC_WARN_UNDECLARED_SELECTOR = YES;
				GCC_WARN_UNINITIALIZED_AUTOS = YES_AGGRESSIVE;
				GCC_WARN_UNUSED_FUNCTION = YES;
				GCC_WARN_UNUSED_VARIABLE = YES;
				IPHONEOS_DEPLOYMENT_TARGET = 13.2;
				MTL_ENABLE_DEBUG_INFO = INCLUDE_SOURCE;
				MTL_FAST_MATH = YES;
				ONLY_ACTIVE_ARCH = YES;
				SDKROOT = iphoneos;
				SWIFT_ACTIVE_COMPILATION_CONDITIONS = DEBUG;
				SWIFT_OPTIMIZATION_LEVEL = "-Onone";
			};
			name = Debug;
		};
		68486474241E841600D128D3 /* Release */ = {
			isa = XCBuildConfiguration;
			buildSettings = {
				ALWAYS_SEARCH_USER_PATHS = NO;
				CLANG_ANALYZER_NONNULL = YES;
				CLANG_ANALYZER_NUMBER_OBJECT_CONVERSION = YES_AGGRESSIVE;
				CLANG_CXX_LANGUAGE_STANDARD = "gnu++14";
				CLANG_CXX_LIBRARY = "libc++";
				CLANG_ENABLE_MODULES = YES;
				CLANG_ENABLE_OBJC_ARC = YES;
				CLANG_ENABLE_OBJC_WEAK = YES;
				CLANG_WARN_BLOCK_CAPTURE_AUTORELEASING = YES;
				CLANG_WARN_BOOL_CONVERSION = YES;
				CLANG_WARN_COMMA = YES;
				CLANG_WARN_CONSTANT_CONVERSION = YES;
				CLANG_WARN_DEPRECATED_OBJC_IMPLEMENTATIONS = YES;
				CLANG_WARN_DIRECT_OBJC_ISA_USAGE = YES_ERROR;
				CLANG_WARN_DOCUMENTATION_COMMENTS = YES;
				CLANG_WARN_EMPTY_BODY = YES;
				CLANG_WARN_ENUM_CONVERSION = YES;
				CLANG_WARN_INFINITE_RECURSION = YES;
				CLANG_WARN_INT_CONVERSION = YES;
				CLANG_WARN_NON_LITERAL_NULL_CONVERSION = YES;
				CLANG_WARN_OBJC_IMPLICIT_RETAIN_SELF = YES;
				CLANG_WARN_OBJC_LITERAL_CONVERSION = YES;
				CLANG_WARN_OBJC_ROOT_CLASS = YES_ERROR;
				CLANG_WARN_RANGE_LOOP_ANALYSIS = YES;
				CLANG_WARN_STRICT_PROTOTYPES = YES;
				CLANG_WARN_SUSPICIOUS_MOVE = YES;
				CLANG_WARN_UNGUARDED_AVAILABILITY = YES_AGGRESSIVE;
				CLANG_WARN_UNREACHABLE_CODE = YES;
				CLANG_WARN__DUPLICATE_METHOD_MATCH = YES;
				COPY_PHASE_STRIP = NO;
				DEBUG_INFORMATION_FORMAT = "dwarf-with-dsym";
				ENABLE_NS_ASSERTIONS = NO;
				ENABLE_STRICT_OBJC_MSGSEND = YES;
				GCC_C_LANGUAGE_STANDARD = gnu11;
				GCC_NO_COMMON_BLOCKS = YES;
				GCC_WARN_64_TO_32_BIT_CONVERSION = YES;
				GCC_WARN_ABOUT_RETURN_TYPE = YES_ERROR;
				GCC_WARN_UNDECLARED_SELECTOR = YES;
				GCC_WARN_UNINITIALIZED_AUTOS = YES_AGGRESSIVE;
				GCC_WARN_UNUSED_FUNCTION = YES;
				GCC_WARN_UNUSED_VARIABLE = YES;
				IPHONEOS_DEPLOYMENT_TARGET = 13.2;
				MTL_ENABLE_DEBUG_INFO = NO;
				MTL_FAST_MATH = YES;
				SDKROOT = iphoneos;
				SWIFT_COMPILATION_MODE = wholemodule;
				SWIFT_OPTIMIZATION_LEVEL = "-O";
				VALIDATE_PRODUCT = YES;
			};
			name = Release;
		};
		68486476241E841600D128D3 /* Debug */ = {
			isa = XCBuildConfiguration;
			buildSettings = {
				ASSETCATALOG_COMPILER_APPICON_NAME = AppIcon;
				CODE_SIGN_STYLE = Automatic;
				INFOPLIST_FILE = SkillBox_hw_9/Info.plist;
				IPHONEOS_DEPLOYMENT_TARGET = 12.2;
				LD_RUNPATH_SEARCH_PATHS = (
					"$(inherited)",
					"@executable_path/Frameworks",
				);
				PRODUCT_BUNDLE_IDENTIFIER = "com.OlegChudnovskiy.SkillBox-hw-9";
				PRODUCT_NAME = "$(TARGET_NAME)";
				SWIFT_VERSION = 5.0;
				TARGETED_DEVICE_FAMILY = "1,2";
			};
			name = Debug;
		};
		68486477241E841600D128D3 /* Release */ = {
			isa = XCBuildConfiguration;
			buildSettings = {
				ASSETCATALOG_COMPILER_APPICON_NAME = AppIcon;
				CODE_SIGN_STYLE = Automatic;
				INFOPLIST_FILE = SkillBox_hw_9/Info.plist;
				IPHONEOS_DEPLOYMENT_TARGET = 12.2;
				LD_RUNPATH_SEARCH_PATHS = (
					"$(inherited)",
					"@executable_path/Frameworks",
				);
				PRODUCT_BUNDLE_IDENTIFIER = "com.OlegChudnovskiy.SkillBox-hw-9";
				PRODUCT_NAME = "$(TARGET_NAME)";
				SWIFT_VERSION = 5.0;
				TARGETED_DEVICE_FAMILY = "1,2";
			};
			name = Release;
		};
/* End XCBuildConfiguration section */

/* Begin XCConfigurationList section */
		6848645C241E841000D128D3 /* Build configuration list for PBXProject "SkillBox_hw_9" */ = {
			isa = XCConfigurationList;
			buildConfigurations = (
				68486473241E841600D128D3 /* Debug */,
				68486474241E841600D128D3 /* Release */,
			);
			defaultConfigurationIsVisible = 0;
			defaultConfigurationName = Release;
		};
		68486475241E841600D128D3 /* Build configuration list for PBXNativeTarget "SkillBox_hw_9" */ = {
			isa = XCConfigurationList;
			buildConfigurations = (
				68486476241E841600D128D3 /* Debug */,
				68486477241E841600D128D3 /* Release */,
			);
			defaultConfigurationIsVisible = 0;
			defaultConfigurationName = Release;
		};
/* End XCConfigurationList section */
	};
	rootObject = 68486459241E841000D128D3 /* Project object */;
}
